
Microsoft Visual Studio Solution File, Format Version 12.00
Project("{FAE04EC0-301F-11D3-BF4B-00C04F79EFBC}") = "Geometry", "Geometry\Geometry.csproj", "{248E7EBE-3842-4B99-B260-E3406E2A28CA}"
EndProject
Project("{FAE04EC0-301F-11D3-BF4B-00C04F79EFBC}") = "GeometryTest", "GeometryTest\GeometryTest.csproj", "{AA42E21C-F8F4-4429-ADC9-83FE8CF32627}"
EndProject
Project("{FAE04EC0-301F-11D3-BF4B-00C04F79EFBC}") = "Aernautica", "Aernautica\Aernautica.csproj", "{92C4124F-31AA-4B7D-B91E-A9C6CDCCE2E3}"
EndProject
Project("{FAE04EC0-301F-11D3-BF4B-00C04F79EFBC}") = "AernauticaTest", "AernauticaTest\AernauticaTest.csproj", "{C521D067-5085-4656-822C-5C0D30139DBB}"
EndProject
Project("{FAE04EC0-301F-11D3-BF4B-00C04F79EFBC}") = "DataStructure", "DataStructure\DataStructure.csproj", "{91611D63-3BDE-403D-AA06-E3E54478B7DD}"
EndProject
Project("{FAE04EC0-301F-11D3-BF4B-00C04F79EFBC}") = "DataStructureTest", "DataStructureTest\DataStructureTest.csproj", "{23036C35-5B0E-4747-8106-87B513526FE8}"
EndProject
Project("{FAE04EC0-301F-11D3-BF4B-00C04F79EFBC}") = "CreatureTest", "CreatureTest\CreatureTest.csproj", "{59959943-898B-4CD6-AF08-5C6540BE3EDE}"
EndProject
Project("{FAE04EC0-301F-11D3-BF4B-00C04F79EFBC}") = "Creatures", "Creatures\Creatures.csproj", "{861F3E79-349F-49B4-810B-285B13EC0A67}"
EndProject
Project("{FAE04EC0-301F-11D3-BF4B-00C04F79EFBC}") = "ReferenceTypes", "ReferenceTypes\ReferenceTypes.csproj", "{E77C8845-9FC0-464B-A52A-61FD90038DDF}"
EndProject
Global
	GlobalSection(SolutionConfigurationPlatforms) = preSolution
		Debug|Any CPU = Debug|Any CPU
		Release|Any CPU = Release|Any CPU
	EndGlobalSection
	GlobalSection(ProjectConfigurationPlatforms) = postSolution
		{248E7EBE-3842-4B99-B260-E3406E2A28CA}.Debug|Any CPU.ActiveCfg = Debug|Any CPU
		{248E7EBE-3842-4B99-B260-E3406E2A28CA}.Debug|Any CPU.Build.0 = Debug|Any CPU
		{248E7EBE-3842-4B99-B260-E3406E2A28CA}.Release|Any CPU.ActiveCfg = Release|Any CPU
		{248E7EBE-3842-4B99-B260-E3406E2A28CA}.Release|Any CPU.Build.0 = Release|Any CPU
		{AA42E21C-F8F4-4429-ADC9-83FE8CF32627}.Debug|Any CPU.ActiveCfg = Debug|Any CPU
		{AA42E21C-F8F4-4429-ADC9-83FE8CF32627}.Debug|Any CPU.Build.0 = Debug|Any CPU
		{AA42E21C-F8F4-4429-ADC9-83FE8CF32627}.Release|Any CPU.ActiveCfg = Release|Any CPU
		{AA42E21C-F8F4-4429-ADC9-83FE8CF32627}.Release|Any CPU.Build.0 = Release|Any CPU
		{92C4124F-31AA-4B7D-B91E-A9C6CDCCE2E3}.Debug|Any CPU.ActiveCfg = Debug|Any CPU
		{92C4124F-31AA-4B7D-B91E-A9C6CDCCE2E3}.Debug|Any CPU.Build.0 = Debug|Any CPU
		{92C4124F-31AA-4B7D-B91E-A9C6CDCCE2E3}.Release|Any CPU.ActiveCfg = Release|Any CPU
		{92C4124F-31AA-4B7D-B91E-A9C6CDCCE2E3}.Release|Any CPU.Build.0 = Release|Any CPU
		{C521D067-5085-4656-822C-5C0D30139DBB}.Debug|Any CPU.ActiveCfg = Debug|Any CPU
		{C521D067-5085-4656-822C-5C0D30139DBB}.Debug|Any CPU.Build.0 = Debug|Any CPU
		{C521D067-5085-4656-822C-5C0D30139DBB}.Release|Any CPU.ActiveCfg = Release|Any CPU
		{C521D067-5085-4656-822C-5C0D30139DBB}.Release|Any CPU.Build.0 = Release|Any CPU
		{91611D63-3BDE-403D-AA06-E3E54478B7DD}.Debug|Any CPU.ActiveCfg = Debug|Any CPU
		{91611D63-3BDE-403D-AA06-E3E54478B7DD}.Debug|Any CPU.Build.0 = Debug|Any CPU
		{91611D63-3BDE-403D-AA06-E3E54478B7DD}.Release|Any CPU.ActiveCfg = Release|Any CPU
		{91611D63-3BDE-403D-AA06-E3E54478B7DD}.Release|Any CPU.Build.0 = Release|Any CPU
		{23036C35-5B0E-4747-8106-87B513526FE8}.Debug|Any CPU.ActiveCfg = Debug|Any CPU
		{23036C35-5B0E-4747-8106-87B513526FE8}.Debug|Any CPU.Build.0 = Debug|Any CPU
		{23036C35-5B0E-4747-8106-87B513526FE8}.Release|Any CPU.ActiveCfg = Release|Any CPU
		{23036C35-5B0E-4747-8106-87B513526FE8}.Release|Any CPU.Build.0 = Release|Any CPU
		{59959943-898B-4CD6-AF08-5C6540BE3EDE}.Debug|Any CPU.ActiveCfg = Debug|Any CPU
		{59959943-898B-4CD6-AF08-5C6540BE3EDE}.Debug|Any CPU.Build.0 = Debug|Any CPU
		{59959943-898B-4CD6-AF08-5C6540BE3EDE}.Release|Any CPU.ActiveCfg = Release|Any CPU
		{59959943-898B-4CD6-AF08-5C6540BE3EDE}.Release|Any CPU.Build.0 = Release|Any CPU
		{861F3E79-349F-49B4-810B-285B13EC0A67}.Debug|Any CPU.ActiveCfg = Debug|Any CPU
		{861F3E79-349F-49B4-810B-285B13EC0A67}.Debug|Any CPU.Build.0 = Debug|Any CPU
		{861F3E79-349F-49B4-810B-285B13EC0A67}.Release|Any CPU.ActiveCfg = Release|Any CPU
		{861F3E79-349F-49B4-810B-285B13EC0A67}.Release|Any CPU.Build.0 = Release|Any CPU
		{E77C8845-9FC0-464B-A52A-61FD90038DDF}.Debug|Any CPU.ActiveCfg = Debug|Any CPU
		{E77C8845-9FC0-464B-A52A-61FD90038DDF}.Debug|Any CPU.Build.0 = Debug|Any CPU
		{E77C8845-9FC0-464B-A52A-61FD90038DDF}.Release|Any CPU.ActiveCfg = Release|Any CPU
		{E77C8845-9FC0-464B-A52A-61FD90038DDF}.Release|Any CPU.Build.0 = Release|Any CPU
	EndGlobalSection
EndGlobal
